langcode: en
status: false
dependencies:
  module:
    - wxt_library
  theme:
    - ccei_bootstrap
_core:
  default_config_hash: ZbE8ErLMiNJ3cCtZ0d8dt9fyR_niFN194d3GODuiVqo
id: ccei_bootstrap_sharewidgetblock
theme: ccei_bootstrap
region: content_footer
weight: -9
provider: null
plugin: share_widget_block
settings:
  id: share_widget_block
  label: 'Share widget block'
  provider: wxt_library
  label_display: '0'
  share_settings:
    share_widget: ''
  share_widget:
    facebook: facebook
    gmail: gmail
    twitter: twitter
visibility:
  panels_title:
    id: panels_title
    enabled: 0
    negate: false
    context_mapping: {  }
